
Microsoft Visual Studio Solution File, Format Version 12.00
# Visual Studio Version 17
VisualStudioVersion = 17.14.36518.9 d17.14
MinimumVisualStudioVersion = 10.0.40219.1
Project("{FAE04EC0-301F-11D3-BF4B-00C04F79EFBC}") = "Suppliers.API", "Suppliers.API\Suppliers.API.csproj", "{BA873990-2B65-463B-ABDF-E5935184A534}"
EndProject
Project("{FAE04EC0-301F-11D3-BF4B-00C04F79EFBC}") = "Suppliers.BL", "Suppliers.BL\Suppliers.BL.csproj", "{E5E21BA4-FD03-436D-8DF8-9D6A6C7A6802}"
EndProject
Global
	GlobalSection(SolutionConfigurationPlatforms) = preSolution
		Debug|Any CPU = Debug|Any CPU
		Release|Any CPU = Release|Any CPU
	EndGlobalSection
	GlobalSection(ProjectConfigurationPlatforms) = postSolution
		{BA873990-2B65-463B-ABDF-E5935184A534}.Debug|Any CPU.ActiveCfg = Debug|Any CPU
		{BA873990-2B65-463B-ABDF-E5935184A534}.Debug|Any CPU.Build.0 = Debug|Any CPU
		{BA873990-2B65-463B-ABDF-E5935184A534}.Release|Any CPU.ActiveCfg = Release|Any CPU
		{BA873990-2B65-463B-ABDF-E5935184A534}.Release|Any CPU.Build.0 = Release|Any CPU
		{E5E21BA4-FD03-436D-8DF8-9D6A6C7A6802}.Debug|Any CPU.ActiveCfg = Debug|Any CPU
		{E5E21BA4-FD03-436D-8DF8-9D6A6C7A6802}.Debug|Any CPU.Build.0 = Debug|Any CPU
		{E5E21BA4-FD03-436D-8DF8-9D6A6C7A6802}.Release|Any CPU.ActiveCfg = Release|Any CPU
		{E5E21BA4-FD03-436D-8DF8-9D6A6C7A6802}.Release|Any CPU.Build.0 = Release|Any CPU
	EndGlobalSection
	GlobalSection(SolutionProperties) = preSolution
		HideSolutionNode = FALSE
	EndGlobalSection
	GlobalSection(ExtensibilityGlobals) = postSolution
		SolutionGuid = {FD76ADF7-77B2-43F3-98F3-A21F78D4E578}
	EndGlobalSection
EndGlobal
